
Microsoft Visual Studio Solution File, Format Version 12.00
# Visual Studio Version 16
VisualStudioVersion = 16.0.31025.194
MinimumVisualStudioVersion = 10.0.40219.1
Project("{FAE04EC0-301F-11D3-BF4B-00C04F79EFBC}") = "MAU", "MAU\MAU.csproj", "{5E2744D3-DC6C-4516-9662-3E4EB6F61E58}"
EndProject
Global
	GlobalSection(SolutionConfigurationPlatforms) = preSolution
		Debug|Any CPU = Debug|Any CPU
		Release|Any CPU = Release|Any CPU
	EndGlobalSection
	GlobalSection(ProjectConfigurationPlatforms) = postSolution
		{5E2744D3-DC6C-4516-9662-3E4EB6F61E58}.Debug|Any CPU.ActiveCfg = Debug|Any CPU
		{5E2744D3-DC6C-4516-9662-3E4EB6F61E58}.Debug|Any CPU.Build.0 = Debug|Any CPU
		{5E2744D3-DC6C-4516-9662-3E4EB6F61E58}.Release|Any CPU.ActiveCfg = Release|Any CPU
		{5E2744D3-DC6C-4516-9662-3E4EB6F61E58}.Release|Any CPU.Build.0 = Release|Any CPU
	EndGlobalSection
	GlobalSection(SolutionProperties) = preSolution
		HideSolutionNode = FALSE
	EndGlobalSection
	GlobalSection(ExtensibilityGlobals) = postSolution
		SolutionGuid = {12838B4D-2CFE-4225-9F5F-10A0041AFBD4}
	EndGlobalSection
EndGlobal
